// !$*UTF8*$!
{
	archiveVersion = 1;
	classes = {
	};
	objectVersion = 77;
	objects = {

/* Begin PBXBuildFile section */
		2501A2282E06CA0900CBD1F2 /* TranslateExtension.appex in Embed Foundation Extensions */ = {isa = PBXBuildFile; fileRef = 2501A2272E06CA0900CBD1F2 /* TranslateExtension.appex */; settings = {ATTRIBUTES = (RemoveHeadersOnCopy, ); }; };
/* End PBXBuildFile section */

/* Begin PBXContainerItemProxy section */
		2501A2122E06CA0900CBD1F2 /* PBXContainerItemProxy */ = {
			isa = PBXContainerItemProxy;
			containerPortal = 2501A1ED2E06CA0600CBD1F2 /* Project object */;
			proxyType = 1;
			remoteGlobalIDString = 2501A1F42E06CA0600CBD1F2;
			remoteInfo = "Translate";
		};
		2501A21C2E06CA0900CBD1F2 /* PBXContainerItemProxy */ = {
			isa = PBXContainerItemProxy;
			containerPortal = 2501A1ED2E06CA0600CBD1F2 /* Project object */;
			proxyType = 1;
			remoteGlobalIDString = 2501A1F42E06CA0600CBD1F2;
			remoteInfo = "Translate";
		};
		2501A2292E06CA0900CBD1F2 /* PBXContainerItemProxy */ = {
			isa = PBXContainerItemProxy;
			containerPortal = 2501A1ED2E06CA0600CBD1F2 /* Project object */;
			proxyType = 1;
			remoteGlobalIDString = 2501A2262E06CA0900CBD1F2;
			remoteInfo = "TranslateExtension";
		};
/* End PBXContainerItemProxy section */

/* Begin PBXCopyFilesBuildPhase section */
		2501A2472E06CA0900CBD1F2 /* Embed Foundation Extensions */ = {
			isa = PBXCopyFilesBuildPhase;
			buildActionMask = 2147483647;
			dstPath = "";
			dstSubfolderSpec = 13;
			files = (
				2501A2282E06CA0900CBD1F2 /* TranslateExtension.appex in Embed Foundation Extensions */,
			);
			name = "Embed Foundation Extensions";
			runOnlyForDeploymentPostprocessing = 0;
		};
/* End PBXCopyFilesBuildPhase section */

/* Begin PBXFileReference section */
		2501A1F52E06CA0600CBD1F2 /* Translate.app */ = {isa = PBXFileReference; explicitFileType = wrapper.application; includeInIndex = 0; path = "Translate.app"; sourceTree = BUILT_PRODUCTS_DIR; };
		2501A2112E06CA0900CBD1F2 /* TranslateTests.xctest */ = {isa = PBXFileReference; explicitFileType = wrapper.cfbundle; includeInIndex = 0; path = "TranslateTests.xctest"; sourceTree = BUILT_PRODUCTS_DIR; };
		2501A21B2E06CA0900CBD1F2 /* TranslateUITests.xctest */ = {isa = PBXFileReference; explicitFileType = wrapper.cfbundle; includeInIndex = 0; path = "TranslateUITests.xctest"; sourceTree = BUILT_PRODUCTS_DIR; };
		2501A2272E06CA0900CBD1F2 /* TranslateExtension.appex */ = {isa = PBXFileReference; explicitFileType = "wrapper.app-extension"; includeInIndex = 0; path = "TranslateExtension.appex"; sourceTree = BUILT_PRODUCTS_DIR; };
/* End PBXFileReference section */

/* Begin PBXFileSystemSynchronizedBuildFileExceptionSet section */
		2501A2412E06CA0900CBD1F2 /* Exceptions for "TranslateExtension" folder in "TranslateExtension" target */ = {
			isa = PBXFileSystemSynchronizedBuildFileExceptionSet;
			membershipExceptions = (
				Info.plist,
			);
			target = 2501A2262E06CA0900CBD1F2 /* TranslateExtension */;
		};
/* End PBXFileSystemSynchronizedBuildFileExceptionSet section */

/* Begin PBXFileSystemSynchronizedRootGroup section */
		2501A1F72E06CA0600CBD1F2 /* Translate */ = {
			isa = PBXFileSystemSynchronizedRootGroup;
			path = "Translate";
			sourceTree = "<group>";
		};
		2501A2142E06CA0900CBD1F2 /* TranslateTests */ = {
			isa = PBXFileSystemSynchronizedRootGroup;
			path = "TranslateTests";
			sourceTree = "<group>";
		};
		2501A21E2E06CA0900CBD1F2 /* TranslateUITests */ = {
			isa = PBXFileSystemSynchronizedRootGroup;
			path = "TranslateUITests";
			sourceTree = "<group>";
		};
		2501A22B2E06CA0900CBD1F2 /* TranslateExtension */ = {
			isa = PBXFileSystemSynchronizedRootGroup;
			exceptions = (
				2501A2412E06CA0900CBD1F2 /* Exceptions for "TranslateExtension" folder in "TranslateExtension" target */,
			);
			explicitFolders = (
				Resources/_locales,
				Resources/images,
			);
			path = "TranslateExtension";
			sourceTree = "<group>";
		};
/* End PBXFileSystemSynchronizedRootGroup section */

/* Begin PBXFrameworksBuildPhase section */
		2501A1F22E06CA0600CBD1F2 /* Frameworks */ = {
			isa = PBXFrameworksBuildPhase;
			buildActionMask = 2147483647;
			files = (
			);
			runOnlyForDeploymentPostprocessing = 0;
		};
		2501A20E2E06CA0900CBD1F2 /* Frameworks */ = {
			isa = PBXFrameworksBuildPhase;
			buildActionMask = 2147483647;
			files = (
			);
			runOnlyForDeploymentPostprocessing = 0;
		};
		2501A2182E06CA0900CBD1F2 /* Frameworks */ = {
			isa = PBXFrameworksBuildPhase;
			buildActionMask = 2147483647;
			files = (
			);
			runOnlyForDeploymentPostprocessing = 0;
		};
		2501A2242E06CA0900CBD1F2 /* Frameworks */ = {
			isa = PBXFrameworksBuildPhase;
			buildActionMask = 2147483647;
			files = (
			);
			runOnlyForDeploymentPostprocessing = 0;
		};
/* End PBXFrameworksBuildPhase section */

/* Begin PBXGroup section */
		2501A1EC2E06CA0600CBD1F2 = {
			isa = PBXGroup;
			children = (
				2501A1F72E06CA0600CBD1F2 /* Translate */,
				2501A2142E06CA0900CBD1F2 /* TranslateTests */,
				2501A21E2E06CA0900CBD1F2 /* TranslateUITests */,
				2501A22B2E06CA0900CBD1F2 /* TranslateExtension */,
				2501A1F62E06CA0600CBD1F2 /* Products */,
			);
			sourceTree = "<group>";
		};
		2501A1F62E06CA0600CBD1F2 /* Products */ = {
			isa = PBXGroup;
			children = (
				2501A1F52E06CA0600CBD1F2 /* Translate.app */,
				2501A2112E06CA0900CBD1F2 /* TranslateTests.xctest */,
				2501A21B2E06CA0900CBD1F2 /* TranslateUITests.xctest */,
				2501A2272E06CA0900CBD1F2 /* TranslateExtension.appex */,
			);
			name = Products;
			sourceTree = "<group>";
		};
/* End PBXGroup section */

/* Begin PBXNativeTarget section */
		2501A1F42E06CA0600CBD1F2 /* Translate */ = {
			isa = PBXNativeTarget;
			buildConfigurationList = 2501A2482E06CA0900CBD1F2 /* Build configuration list for PBXNativeTarget "Translate" */;
			buildPhases = (
				2501A1F12E06CA0600CBD1F2 /* Sources */,
				2501A1F22E06CA0600CBD1F2 /* Frameworks */,
				2501A1F32E06CA0600CBD1F2 /* Resources */,
				2501A2472E06CA0900CBD1F2 /* Embed Foundation Extensions */,
			);
			buildRules = (
			);
			dependencies = (
				2501A22A2E06CA0900CBD1F2 /* PBXTargetDependency */,
			);
			fileSystemSynchronizedGroups = (
				2501A1F72E06CA0600CBD1F2 /* Translate */,
			);
			name = "Translate";
			packageProductDependencies = (
			);
			productName = "Translate";
			productReference = 2501A1F52E06CA0600CBD1F2 /* Translate.app */;
			productType = "com.apple.product-type.application";
		};
		2501A2102E06CA0900CBD1F2 /* TranslateTests */ = {
			isa = PBXNativeTarget;
			buildConfigurationList = 2501A24B2E06CA0900CBD1F2 /* Build configuration list for PBXNativeTarget "TranslateTests" */;
			buildPhases = (
				2501A20D2E06CA0900CBD1F2 /* Sources */,
				2501A20E2E06CA0900CBD1F2 /* Frameworks */,
				2501A20F2E06CA0900CBD1F2 /* Resources */,
			);
			buildRules = (
			);
			dependencies = (
				2501A2132E06CA0900CBD1F2 /* PBXTargetDependency */,
			);
			fileSystemSynchronizedGroups = (
				2501A2142E06CA0900CBD1F2 /* TranslateTests */,
			);
			name = "TranslateTests";
			packageProductDependencies = (
			);
			productName = "TranslateTests";
			productReference = 2501A2112E06CA0900CBD1F2 /* TranslateTests.xctest */;
			productType = "com.apple.product-type.bundle.unit-test";
		};
		2501A21A2E06CA0900CBD1F2 /* TranslateUITests */ = {
			isa = PBXNativeTarget;
			buildConfigurationList = 2501A24E2E06CA0900CBD1F2 /* Build configuration list for PBXNativeTarget "TranslateUITests" */;
			buildPhases = (
				2501A2172E06CA0900CBD1F2 /* Sources */,
				2501A2182E06CA0900CBD1F2 /* Frameworks */,
				2501A2192E06CA0900CBD1F2 /* Resources */,
			);
			buildRules = (
			);
			dependencies = (
				2501A21D2E06CA0900CBD1F2 /* PBXTargetDependency */,
			);
			fileSystemSynchronizedGroups = (
				2501A21E2E06CA0900CBD1F2 /* TranslateUITests */,
			);
			name = "TranslateUITests";
			packageProductDependencies = (
			);
			productName = "TranslateUITests";
			productReference = 2501A21B2E06CA0900CBD1F2 /* TranslateUITests.xctest */;
			productType = "com.apple.product-type.bundle.ui-testing";
		};
		2501A2262E06CA0900CBD1F2 /* TranslateExtension */ = {
			isa = PBXNativeTarget;
			buildConfigurationList = 2501A2422E06CA0900CBD1F2 /* Build configuration list for PBXNativeTarget "TranslateExtension" */;
			buildPhases = (
				2501A2232E06CA0900CBD1F2 /* Sources */,
				2501A2242E06CA0900CBD1F2 /* Frameworks */,
				2501A2252E06CA0900CBD1F2 /* Resources */,
			);
			buildRules = (
			);
			dependencies = (
			);
			fileSystemSynchronizedGroups = (
				2501A22B2E06CA0900CBD1F2 /* TranslateExtension */,
			);
			name = "TranslateExtension";
			packageProductDependencies = (
			);
			productName = "TranslateExtension";
			productReference = 2501A2272E06CA0900CBD1F2 /* TranslateExtension.appex */;
			productType = "com.apple.product-type.app-extension";
		};
/* End PBXNativeTarget section */

/* Begin PBXProject section */
		2501A1ED2E06CA0600CBD1F2 /* Project object */ = {
			isa = PBXProject;
			attributes = {
				BuildIndependentTargetsInParallel = 1;
				LastSwiftUpdateCheck = 1640;
				LastUpgradeCheck = 1640;
				TargetAttributes = {
					2501A1F42E06CA0600CBD1F2 = {
						CreatedOnToolsVersion = 16.4;
					};
					2501A2102E06CA0900CBD1F2 = {
						CreatedOnToolsVersion = 16.4;
						TestTargetID = 2501A1F42E06CA0600CBD1F2;
					};
					2501A21A2E06CA0900CBD1F2 = {
						CreatedOnToolsVersion = 16.4;
						TestTargetID = 2501A1F42E06CA0600CBD1F2;
					};
					2501A2262E06CA0900CBD1F2 = {
						CreatedOnToolsVersion = 16.4;
					};
				};
			};
			buildConfigurationList = 2501A1F02E06CA0600CBD1F2 /* Build configuration list for PBXProject "Translate" */;
			developmentRegion = en;
			hasScannedForEncodings = 0;
			knownRegions = (
				en,
				Base,
			);
			mainGroup = 2501A1EC2E06CA0600CBD1F2;
			minimizedProjectReferenceProxies = 1;
			preferredProjectObjectVersion = 77;
			productRefGroup = 2501A1F62E06CA0600CBD1F2 /* Products */;
			projectDirPath = "";
			projectRoot = "";
			targets = (
				2501A1F42E06CA0600CBD1F2 /* Translate */,
				2501A2102E06CA0900CBD1F2 /* TranslateTests */,
				2501A21A2E06CA0900CBD1F2 /* TranslateUITests */,
				2501A2262E06CA0900CBD1F2 /* TranslateExtension */,
			);
		};
/* End PBXProject section */

/* Begin PBXResourcesBuildPhase section */
		2501A1F32E06CA0600CBD1F2 /* Resources */ = {
			isa = PBXResourcesBuildPhase;
			buildActionMask = 2147483647;
			files = (
			);
			runOnlyForDeploymentPostprocessing = 0;
		};
		2501A20F2E06CA0900CBD1F2 /* Resources */ = {
			isa = PBXResourcesBuildPhase;
			buildActionMask = 2147483647;
			files = (
			);
			runOnlyForDeploymentPostprocessing = 0;
		};
		2501A2192E06CA0900CBD1F2 /* Resources */ = {
			isa = PBXResourcesBuildPhase;
			buildActionMask = 2147483647;
			files = (
			);
			runOnlyForDeploymentPostprocessing = 0;
		};
		2501A2252E06CA0900CBD1F2 /* Resources */ = {
			isa = PBXResourcesBuildPhase;
			buildActionMask = 2147483647;
			files = (
			);
			runOnlyForDeploymentPostprocessing = 0;
		};
/* End PBXResourcesBuildPhase section */

/* Begin PBXSourcesBuildPhase section */
		2501A1F12E06CA0600CBD1F2 /* Sources */ = {
			isa = PBXSourcesBuildPhase;
			buildActionMask = 2147483647;
			files = (
			);
			runOnlyForDeploymentPostprocessing = 0;
		};
		2501A20D2E06CA0900CBD1F2 /* Sources */ = {
			isa = PBXSourcesBuildPhase;
			buildActionMask = 2147483647;
			files = (
			);
			runOnlyForDeploymentPostprocessing = 0;
		};
		2501A2172E06CA0900CBD1F2 /* Sources */ = {
			isa = PBXSourcesBuildPhase;
			buildActionMask = 2147483647;
			files = (
			);
			runOnlyForDeploymentPostprocessing = 0;
		};
		2501A2232E06CA0900CBD1F2 /* Sources */ = {
			isa = PBXSourcesBuildPhase;
			buildActionMask = 2147483647;
			files = (
			);
			runOnlyForDeploymentPostprocessing = 0;
		};
/* End PBXSourcesBuildPhase section */

/* Begin PBXTargetDependency section */
		2501A2132E06CA0900CBD1F2 /* PBXTargetDependency */ = {
			isa = PBXTargetDependency;
			target = 2501A1F42E06CA0600CBD1F2 /* Translate */;
			targetProxy = 2501A2122E06CA0900CBD1F2 /* PBXContainerItemProxy */;
		};
		2501A21D2E06CA0900CBD1F2 /* PBXTargetDependency */ = {
			isa = PBXTargetDependency;
			target = 2501A1F42E06CA0600CBD1F2 /* Translate */;
			targetProxy = 2501A21C2E06CA0900CBD1F2 /* PBXContainerItemProxy */;
		};
		2501A22A2E06CA0900CBD1F2 /* PBXTargetDependency */ = {
			isa = PBXTargetDependency;
			target = 2501A2262E06CA0900CBD1F2 /* TranslateExtension */;
			targetProxy = 2501A2292E06CA0900CBD1F2 /* PBXContainerItemProxy */;
		};
/* End PBXTargetDependency section */

/* Begin XCBuildConfiguration section */
		2501A2432E06CA0900CBD1F2 /* Debug */ = {
			isa = XCBuildConfiguration;
			buildSettings = {
				CODE_SIGN_ENTITLEMENTS = "TranslateExtension/TranslateExtension.entitlements";
				CODE_SIGN_STYLE = Automatic;
				CURRENT_PROJECT_VERSION = 1;
				ENABLE_HARDENED_RUNTIME = YES;
				GENERATE_INFOPLIST_FILE = YES;
				INFOPLIST_FILE = "TranslateExtension/Info.plist";
				INFOPLIST_KEY_CFBundleDisplayName = "TranslateExtension";
				INFOPLIST_KEY_NSHumanReadableCopyright = "";
				LD_RUNPATH_SEARCH_PATHS = (
					"$(inherited)",
					"@executable_path/../Frameworks",
					"@executable_path/../../../../Frameworks",
				);
				MACOSX_DEPLOYMENT_TARGET = 10.14;
				MARKETING_VERSION = 1.0;
				OTHER_LDFLAGS = (
					"-framework",
					SafariServices,
				);
				PRODUCT_BUNDLE_IDENTIFIER = "com.lifenture.browser.extension.translate.host.extension";
				PRODUCT_NAME = "$(TARGET_NAME)";
				SKIP_INSTALL = YES;
				SWIFT_EMIT_LOC_STRINGS = YES;
				SWIFT_VERSION = 5.0;
			};
			name = Debug;
		};
		2501A2442E06CA0900CBD1F2 /* Release */ = {
			isa = XCBuildConfiguration;
			buildSettings = {
				CODE_SIGN_ENTITLEMENTS = "TranslateExtension/TranslateExtension.entitlements";
				CODE_SIGN_STYLE = Automatic;
				CURRENT_PROJECT_VERSION = 1;
				ENABLE_HARDENED_RUNTIME = YES;
				GENERATE_INFOPLIST_FILE = YES;
				INFOPLIST_FILE = "TranslateExtension/Info.plist";
				INFOPLIST_KEY_CFBundleDisplayName = "TranslateExtension";
				INFOPLIST_KEY_NSHumanReadableCopyright = "";
				LD_RUNPATH_SEARCH_PATHS = (
					"$(inherited)",
					"@executable_path/../Frameworks",
					"@executable_path/../../../../Frameworks",
				);
				MACOSX_DEPLOYMENT_TARGET = 10.14;
				MARKETING_VERSION = 1.0;
				OTHER_LDFLAGS = (
					"-framework",
					SafariServices,
				);
				PRODUCT_BUNDLE_IDENTIFIER = "com.lifenture.browser.extension.translate.host.extension";
				PRODUCT_NAME = "$(TARGET_NAME)";
				SKIP_INSTALL = YES;
				SWIFT_EMIT_LOC_STRINGS = YES;
				SWIFT_VERSION = 5.0;
			};
			name = Release;
		};
		2501A2452E06CA0900CBD1F2 /* Debug */ = {
			isa = XCBuildConfiguration;
			buildSettings = {
				ALWAYS_SEARCH_USER_PATHS = NO;
				ASSETCATALOG_COMPILER_GENERATE_SWIFT_ASSET_SYMBOL_EXTENSIONS = YES;
				CLANG_ANALYZER_NONNULL = YES;
				CLANG_ANALYZER_NUMBER_OBJECT_CONVERSION = YES_AGGRESSIVE;
				CLANG_CXX_LANGUAGE_STANDARD = "gnu++20";
				CLANG_ENABLE_MODULES = YES;
				CLANG_ENABLE_OBJC_ARC = YES;
				CLANG_ENABLE_OBJC_WEAK = YES;
				CLANG_WARN_BLOCK_CAPTURE_AUTORELEASING = YES;
				CLANG_WARN_BOOL_CONVERSION = YES;
				CLANG_WARN_COMMA = YES;
				CLANG_WARN_CONSTANT_CONVERSION = YES;
				CLANG_WARN_DEPRECATED_OBJC_IMPLEMENTATIONS = YES;
				CLANG_WARN_DIRECT_OBJC_ISA_USAGE = YES_ERROR;
				CLANG_WARN_DOCUMENTATION_COMMENTS = YES;
				CLANG_WARN_EMPTY_BODY = YES;
				CLANG_WARN_ENUM_CONVERSION = YES;
				CLANG_WARN_INFINITE_RECURSION = YES;
				CLANG_WARN_INT_CONVERSION = YES;
				CLANG_WARN_NON_LITERAL_NULL_CONVERSION = YES;
				CLANG_WARN_OBJC_IMPLICIT_RETAIN_SELF = YES;
				CLANG_WARN_OBJC_LITERAL_CONVERSION = YES;
				CLANG_WARN_OBJC_ROOT_CLASS = YES_ERROR;
				CLANG_WARN_QUOTED_INCLUDE_IN_FRAMEWORK_HEADER = YES;
				CLANG_WARN_RANGE_LOOP_ANALYSIS = YES;
				CLANG_WARN_STRICT_PROTOTYPES = YES;
				CLANG_WARN_SUSPICIOUS_MOVE = YES;
				CLANG_WARN_UNGUARDED_AVAILABILITY = YES_AGGRESSIVE;
				CLANG_WARN_UNREACHABLE_CODE = YES;
				CLANG_WARN__DUPLICATE_METHOD_MATCH = YES;
				COPY_PHASE_STRIP = NO;
				DEBUG_INFORMATION_FORMAT = dwarf;
				ENABLE_STRICT_OBJC_MSGSEND = YES;
				ENABLE_TESTABILITY = YES;
				ENABLE_USER_SCRIPT_SANDBOXING = YES;
				GCC_C_LANGUAGE_STANDARD = gnu17;
				GCC_DYNAMIC_NO_PIC = NO;
				GCC_NO_COMMON_BLOCKS = YES;
				GCC_OPTIMIZATION_LEVEL = 0;
				GCC_PREPROCESSOR_DEFINITIONS = (
					"DEBUG=1",
					"$(inherited)",
				);
				GCC_WARN_64_TO_32_BIT_CONVERSION = YES;
				GCC_WARN_ABOUT_RETURN_TYPE = YES_ERROR;
				GCC_WARN_UNDECLARED_SELECTOR = YES;
				GCC_WARN_UNINITIALIZED_AUTOS = YES_AGGRESSIVE;
				GCC_WARN_UNUSED_FUNCTION = YES;
				GCC_WARN_UNUSED_VARIABLE = YES;
				LOCALIZATION_PREFERS_STRING_CATALOGS = YES;
				MACOSX_DEPLOYMENT_TARGET = 15.5;
				MTL_ENABLE_DEBUG_INFO = INCLUDE_SOURCE;
				MTL_FAST_MATH = YES;
				ONLY_ACTIVE_ARCH = YES;
				SDKROOT = macosx;
				SWIFT_ACTIVE_COMPILATION_CONDITIONS = "DEBUG $(inherited)";
				SWIFT_OPTIMIZATION_LEVEL = "-Onone";
			};
			name = Debug;
		};
		2501A2462E06CA0900CBD1F2 /* Release */ = {
			isa = XCBuildConfiguration;
			buildSettings = {
				ALWAYS_SEARCH_USER_PATHS = NO;
				ASSETCATALOG_COMPILER_GENERATE_SWIFT_ASSET_SYMBOL_EXTENSIONS = YES;
				CLANG_ANALYZER_NONNULL = YES;
				CLANG_ANALYZER_NUMBER_OBJECT_CONVERSION = YES_AGGRESSIVE;
				CLANG_CXX_LANGUAGE_STANDARD = "gnu++20";
				CLANG_ENABLE_MODULES = YES;
				CLANG_ENABLE_OBJC_ARC = YES;
				CLANG_ENABLE_OBJC_WEAK = YES;
				CLANG_WARN_BLOCK_CAPTURE_AUTORELEASING = YES;
				CLANG_WARN_BOOL_CONVERSION = YES;
				CLANG_WARN_COMMA = YES;
				CLANG_WARN_CONSTANT_CONVERSION = YES;
				CLANG_WARN_DEPRECATED_OBJC_IMPLEMENTATIONS = YES;
				CLANG_WARN_DIRECT_OBJC_ISA_USAGE = YES_ERROR;
				CLANG_WARN_DOCUMENTATION_COMMENTS = YES;
				CLANG_WARN_EMPTY_BODY = YES;
				CLANG_WARN_ENUM_CONVERSION = YES;
				CLANG_WARN_INFINITE_RECURSION = YES;
				CLANG_WARN_INT_CONVERSION = YES;
				CLANG_WARN_NON_LITERAL_NULL_CONVERSION = YES;
				CLANG_WARN_OBJC_IMPLICIT_RETAIN_SELF = YES;
				CLANG_WARN_OBJC_LITERAL_CONVERSION = YES;
				CLANG_WARN_OBJC_ROOT_CLASS = YES_ERROR;
				CLANG_WARN_QUOTED_INCLUDE_IN_FRAMEWORK_HEADER = YES;
				CLANG_WARN_RANGE_LOOP_ANALYSIS = YES;
				CLANG_WARN_STRICT_PROTOTYPES = YES;
				CLANG_WARN_SUSPICIOUS_MOVE = YES;
				CLANG_WARN_UNGUARDED_AVAILABILITY = YES_AGGRESSIVE;
				CLANG_WARN_UNREACHABLE_CODE = YES;
				CLANG_WARN__DUPLICATE_METHOD_MATCH = YES;
				COPY_PHASE_STRIP = NO;
				DEBUG_INFORMATION_FORMAT = "dwarf-with-dsym";
				ENABLE_NS_ASSERTIONS = NO;
				ENABLE_STRICT_OBJC_MSGSEND = YES;
				ENABLE_USER_SCRIPT_SANDBOXING = YES;
				GCC_C_LANGUAGE_STANDARD = gnu17;
				GCC_NO_COMMON_BLOCKS = YES;
				GCC_WARN_64_TO_32_BIT_CONVERSION = YES;
				GCC_WARN_ABOUT_RETURN_TYPE = YES_ERROR;
				GCC_WARN_UNDECLARED_SELECTOR = YES;
				GCC_WARN_UNINITIALIZED_AUTOS = YES_AGGRESSIVE;
				GCC_WARN_UNUSED_FUNCTION = YES;
				GCC_WARN_UNUSED_VARIABLE = YES;
				LOCALIZATION_PREFERS_STRING_CATALOGS = YES;
				MACOSX_DEPLOYMENT_TARGET = 15.5;
				MTL_ENABLE_DEBUG_INFO = NO;
				MTL_FAST_MATH = YES;
				SDKROOT = macosx;
				SWIFT_COMPILATION_MODE = wholemodule;
			};
			name = Release;
		};
		2501A2492E06CA0900CBD1F2 /* Debug */ = {
			isa = XCBuildConfiguration;
			buildSettings = {
				ASSETCATALOG_COMPILER_APPICON_NAME = AppIcon;
				ASSETCATALOG_COMPILER_GLOBAL_ACCENT_COLOR_NAME = AccentColor;
				CODE_SIGN_ENTITLEMENTS = "Translate/Translate.entitlements";
				CODE_SIGN_STYLE = Automatic;
				COMBINE_HIDPI_IMAGES = YES;
				CURRENT_PROJECT_VERSION = 1;
				ENABLE_HARDENED_RUNTIME = YES;
				GENERATE_INFOPLIST_FILE = YES;
				INFOPLIST_KEY_CFBundleDisplayName = "Translate";
				INFOPLIST_KEY_NSHumanReadableCopyright = "";
				INFOPLIST_KEY_NSMainStoryboardFile = Main;
				INFOPLIST_KEY_NSPrincipalClass = NSApplication;
				LD_RUNPATH_SEARCH_PATHS = (
					"$(inherited)",
					"@executable_path/../Frameworks",
				);
				MACOSX_DEPLOYMENT_TARGET = 10.14;
				MARKETING_VERSION = 1.0;
				OTHER_LDFLAGS = (
					"-framework",
					SafariServices,
					"-framework",
					WebKit,
				);
				PRODUCT_BUNDLE_IDENTIFIER = "com.lifenture.browser.extension.translate.host";
				PRODUCT_NAME = "$(TARGET_NAME)";
				REGISTER_APP_GROUPS = YES;
				SWIFT_EMIT_LOC_STRINGS = YES;
				SWIFT_VERSION = 5.0;
			};
			name = Debug;
		};
		2501A24A2E06CA0900CBD1F2 /* Release */ = {
			isa = XCBuildConfiguration;
			buildSettings = {
				ASSETCATALOG_COMPILER_APPICON_NAME = AppIcon;
				ASSETCATALOG_COMPILER_GLOBAL_ACCENT_COLOR_NAME = AccentColor;
				CODE_SIGN_ENTITLEMENTS = "Translate/Translate.entitlements";
				CODE_SIGN_STYLE = Automatic;
				COMBINE_HIDPI_IMAGES = YES;
				CURRENT_PROJECT_VERSION = 1;
				ENABLE_HARDENED_RUNTIME = YES;
				GENERATE_INFOPLIST_FILE = YES;
				INFOPLIST_KEY_CFBundleDisplayName = "Translate";
				INFOPLIST_KEY_NSHumanReadableCopyright = "";
				INFOPLIST_KEY_NSMainStoryboardFile = Main;
				INFOPLIST_KEY_NSPrincipalClass = NSApplication;
				LD_RUNPATH_SEARCH_PATHS = (
					"$(inherited)",
					"@executable_path/../Frameworks",
				);
				MACOSX_DEPLOYMENT_TARGET = 10.14;
				MARKETING_VERSION = 1.0;
				OTHER_LDFLAGS = (
					"-framework",
					SafariServices,
					"-framework",
					WebKit,
				);
				PRODUCT_BUNDLE_IDENTIFIER = "com.lifenture.browser.extension.translate.host";
				PRODUCT_NAME = "$(TARGET_NAME)";
				REGISTER_APP_GROUPS = YES;
				SWIFT_EMIT_LOC_STRINGS = YES;
				SWIFT_VERSION = 5.0;
			};
			name = Release;
		};
		2501A24C2E06CA0900CBD1F2 /* Debug */ = {
			isa = XCBuildConfiguration;
			buildSettings = {
				BUNDLE_LOADER = "$(TEST_HOST)";
				CODE_SIGN_STYLE = Automatic;
				CURRENT_PROJECT_VERSION = 1;
				GENERATE_INFOPLIST_FILE = YES;
				MACOSX_DEPLOYMENT_TARGET = 10.14;
				MARKETING_VERSION = 1.0;
				PRODUCT_BUNDLE_IDENTIFIER = "com.lifenture.browser.extension.translate.tests";
				PRODUCT_NAME = "$(TARGET_NAME)";
				SWIFT_EMIT_LOC_STRINGS = NO;
				SWIFT_VERSION = 5.0;
				TEST_HOST = "$(BUILT_PRODUCTS_DIR)/Translate.app/$(BUNDLE_EXECUTABLE_FOLDER_PATH)/Translate";
			};
			name = Debug;
		};
		2501A24D2E06CA0900CBD1F2 /* Release */ = {
			isa = XCBuildConfiguration;
			buildSettings = {
				BUNDLE_LOADER = "$(TEST_HOST)";
				CODE_SIGN_STYLE = Automatic;
				CURRENT_PROJECT_VERSION = 1;
				GENERATE_INFOPLIST_FILE = YES;
				MACOSX_DEPLOYMENT_TARGET = 10.14;
				MARKETING_VERSION = 1.0;
				PRODUCT_BUNDLE_IDENTIFIER = "com.lifenture.browser.extension.translate.tests";
				PRODUCT_NAME = "$(TARGET_NAME)";
				SWIFT_EMIT_LOC_STRINGS = NO;
				SWIFT_VERSION = 5.0;
				TEST_HOST = "$(BUILT_PRODUCTS_DIR)/Translate.app/$(BUNDLE_EXECUTABLE_FOLDER_PATH)/Translate";
			};
			name = Release;
		};
		2501A24F2E06CA0900CBD1F2 /* Debug */ = {
			isa = XCBuildConfiguration;
			buildSettings = {
				CODE_SIGN_STYLE = Automatic;
				CURRENT_PROJECT_VERSION = 1;
				GENERATE_INFOPLIST_FILE = YES;
				MARKETING_VERSION = 1.0;
				PRODUCT_BUNDLE_IDENTIFIER = "com.lifenture.browser.extension.translate.ui-tests";
				PRODUCT_NAME = "$(TARGET_NAME)";
				SWIFT_EMIT_LOC_STRINGS = NO;
				SWIFT_VERSION = 5.0;
				TEST_TARGET_NAME = "Translate";
			};
			name = Debug;
		};
		2501A2502E06CA0900CBD1F2 /* Release */ = {
			isa = XCBuildConfiguration;
			buildSettings = {
				CODE_SIGN_STYLE = Automatic;
				CURRENT_PROJECT_VERSION = 1;
				GENERATE_INFOPLIST_FILE = YES;
				MARKETING_VERSION = 1.0;
				PRODUCT_BUNDLE_IDENTIFIER = "com.lifenture.browser.extension.translate.ui-tests";
				PRODUCT_NAME = "$(TARGET_NAME)";
				SWIFT_EMIT_LOC_STRINGS = NO;
				SWIFT_VERSION = 5.0;
				TEST_TARGET_NAME = "Translate";
			};
			name = Release;
		};
/* End XCBuildConfiguration section */

/* Begin XCConfigurationList section */
		2501A1F02E06CA0600CBD1F2 /* Build configuration list for PBXProject "Translate" */ = {
			isa = XCConfigurationList;
			buildConfigurations = (
				2501A2452E06CA0900CBD1F2 /* Debug */,
				2501A2462E06CA0900CBD1F2 /* Release */,
			);
			defaultConfigurationIsVisible = 0;
			defaultConfigurationName = Release;
		};
		2501A2422E06CA0900CBD1F2 /* Build configuration list for PBXNativeTarget "TranslateExtension" */ = {
			isa = XCConfigurationList;
			buildConfigurations = (
				2501A2432E06CA0900CBD1F2 /* Debug */,
				2501A2442E06CA0900CBD1F2 /* Release */,
			);
			defaultConfigurationIsVisible = 0;
			defaultConfigurationName = Release;
		};
		2501A2482E06CA0900CBD1F2 /* Build configuration list for PBXNativeTarget "Translate" */ = {
			isa = XCConfigurationList;
			buildConfigurations = (
				2501A2492E06CA0900CBD1F2 /* Debug */,
				2501A24A2E06CA0900CBD1F2 /* Release */,
			);
			defaultConfigurationIsVisible = 0;
			defaultConfigurationName = Release;
		};
		2501A24B2E06CA0900CBD1F2 /* Build configuration list for PBXNativeTarget "TranslateTests" */ = {
			isa = XCConfigurationList;
			buildConfigurations = (
				2501A24C2E06CA0900CBD1F2 /* Debug */,
				2501A24D2E06CA0900CBD1F2 /* Release */,
			);
			defaultConfigurationIsVisible = 0;
			defaultConfigurationName = Release;
		};
		2501A24E2E06CA0900CBD1F2 /* Build configuration list for PBXNativeTarget "TranslateUITests" */ = {
			isa = XCConfigurationList;
			buildConfigurations = (
				2501A24F2E06CA0900CBD1F2 /* Debug */,
				2501A2502E06CA0900CBD1F2 /* Release */,
			);
			defaultConfigurationIsVisible = 0;
			defaultConfigurationName = Release;
		};
/* End XCConfigurationList section */
	};
	rootObject = 2501A1ED2E06CA0600CBD1F2 /* Project object */;
}
